// !$*UTF8*$!
{
	archiveVersion = 1;
	classes = {
	};
	objectVersion = 46;
	objects = {

/* Begin PBXBuildFile section */
		2E8C160A1C501FC500B23A6B /* main.m in Sources */ = {isa = PBXBuildFile; fileRef = 2E8C16091C501FC500B23A6B /* main.m */; };
		2E8C160D1C501FC500B23A6B /* AppDelegate.m in Sources */ = {isa = PBXBuildFile; fileRef = 2E8C160C1C501FC500B23A6B /* AppDelegate.m */; };
		2E8C16101C501FC500B23A6B /* ViewController.m in Sources */ = {isa = PBXBuildFile; fileRef = 2E8C160F1C501FC500B23A6B /* ViewController.m */; };
		2E8C16131C501FC500B23A6B /* Main.storyboard in Resources */ = {isa = PBXBuildFile; fileRef = 2E8C16111C501FC500B23A6B /* Main.storyboard */; };
		2E8C16151C501FC500B23A6B /* Assets.xcassets in Resources */ = {isa = PBXBuildFile; fileRef = 2E8C16141C501FC500B23A6B /* Assets.xcassets */; };
		2E8C16181C501FC500B23A6B /* LaunchScreen.storyboard in Resources */ = {isa = PBXBuildFile; fileRef = 2E8C16161C501FC500B23A6B /* LaunchScreen.storyboard */; };
		2E8C16231C501FC500B23A6B /* MafiaMiniGamesTests.m in Sources */ = {isa = PBXBuildFile; fileRef = 2E8C16221C501FC500B23A6B /* MafiaMiniGamesTests.m */; };
		2E8C162E1C501FC500B23A6B /* MafiaMiniGamesUITests.m in Sources */ = {isa = PBXBuildFile; fileRef = 2E8C162D1C501FC500B23A6B /* MafiaMiniGamesUITests.m */; };
/* End PBXBuildFile section */

/* Begin PBXContainerItemProxy section */
		2E8C161F1C501FC500B23A6B /* PBXContainerItemProxy */ = {
			isa = PBXContainerItemProxy;
			containerPortal = 2E8C15FD1C501FC500B23A6B /* Project object */;
			proxyType = 1;
			remoteGlobalIDString = 2E8C16041C501FC500B23A6B;
			remoteInfo = MafiaMiniGames;
		};
		2E8C162A1C501FC500B23A6B /* PBXContainerItemProxy */ = {
			isa = PBXContainerItemProxy;
			containerPortal = 2E8C15FD1C501FC500B23A6B /* Project object */;
			proxyType = 1;
			remoteGlobalIDString = 2E8C16041C501FC500B23A6B;
			remoteInfo = MafiaMiniGames;
		};
/* End PBXContainerItemProxy section */

/* Begin PBXFileReference section */
		2E8C16051C501FC500B23A6B /* MafiaMiniGames.app */ = {isa = PBXFileReference; explicitFileType = wrapper.application; includeInIndex = 0; path = MafiaMiniGames.app; sourceTree = BUILT_PRODUCTS_DIR; };
		2E8C16091C501FC500B23A6B /* main.m */ = {isa = PBXFileReference; lastKnownFileType = sourcecode.c.objc; path = main.m; sourceTree = "<group>"; };
		2E8C160B1C501FC500B23A6B /* AppDelegate.h */ = {isa = PBXFileReference; lastKnownFileType = sourcecode.c.h; path = AppDelegate.h; sourceTree = "<group>"; };
		2E8C160C1C501FC500B23A6B /* AppDelegate.m */ = {isa = PBXFileReference; lastKnownFileType = sourcecode.c.objc; path = AppDelegate.m; sourceTree = "<group>"; };
		2E8C160E1C501FC500B23A6B /* ViewController.h */ = {isa = PBXFileReference; lastKnownFileType = sourcecode.c.h; path = ViewController.h; sourceTree = "<group>"; };
		2E8C160F1C501FC500B23A6B /* ViewController.m */ = {isa = PBXFileReference; lastKnownFileType = sourcecode.c.objc; path = ViewController.m; sourceTree = "<group>"; };
		2E8C16121C501FC500B23A6B /* Base */ = {isa = PBXFileReference; lastKnownFileType = file.storyboard; name = Base; path = Base.lproj/Main.storyboard; sourceTree = "<group>"; };
		2E8C16141C501FC500B23A6B /* Assets.xcassets */ = {isa = PBXFileReference; lastKnownFileType = folder.assetcatalog; path = Assets.xcassets; sourceTree = "<group>"; };
		2E8C16171C501FC500B23A6B /* Base */ = {isa = PBXFileReference; lastKnownFileType = file.storyboard; name = Base; path = Base.lproj/LaunchScreen.storyboard; sourceTree = "<group>"; };
		2E8C16191C501FC500B23A6B /* Info.plist */ = {isa = PBXFileReference; lastKnownFileType = text.plist.xml; path = Info.plist; sourceTree = "<group>"; };
		2E8C161E1C501FC500B23A6B /* MafiaMiniGamesTests.xctest */ = {isa = PBXFileReference; explicitFileType = wrapper.cfbundle; includeInIndex = 0; path = MafiaMiniGamesTests.xctest; sourceTree = BUILT_PRODUCTS_DIR; };
		2E8C16221C501FC500B23A6B /* MafiaMiniGamesTests.m */ = {isa = PBXFileReference; lastKnownFileType = sourcecode.c.objc; path = MafiaMiniGamesTests.m; sourceTree = "<group>"; };
		2E8C16241C501FC500B23A6B /* Info.plist */ = {isa = PBXFileReference; lastKnownFileType = text.plist.xml; path = Info.plist; sourceTree = "<group>"; };
		2E8C16291C501FC500B23A6B /* MafiaMiniGamesUITests.xctest */ = {isa = PBXFileReference; explicitFileType = wrapper.cfbundle; includeInIndex = 0; path = MafiaMiniGamesUITests.xctest; sourceTree = BUILT_PRODUCTS_DIR; };
		2E8C162D1C501FC500B23A6B /* MafiaMiniGamesUITests.m */ = {isa = PBXFileReference; lastKnownFileType = sourcecode.c.objc; path = MafiaMiniGamesUITests.m; sourceTree = "<group>"; };
		2E8C162F1C501FC500B23A6B /* Info.plist */ = {isa = PBXFileReference; lastKnownFileType = text.plist.xml; path = Info.plist; sourceTree = "<group>"; };
/* End PBXFileReference section */

/* Begin PBXFrameworksBuildPhase section */
		2E8C16021C501FC500B23A6B /* Frameworks */ = {
			isa = PBXFrameworksBuildPhase;
			buildActionMask = 2147483647;
			files = (
			);
			runOnlyForDeploymentPostprocessing = 0;
		};
		2E8C161B1C501FC500B23A6B /* Frameworks */ = {
			isa = PBXFrameworksBuildPhase;
			buildActionMask = 2147483647;
			files = (
			);
			runOnlyForDeploymentPostprocessing = 0;
		};
		2E8C16261C501FC500B23A6B /* Frameworks */ = {
			isa = PBXFrameworksBuildPhase;
			buildActionMask = 2147483647;
			files = (
			);
			runOnlyForDeploymentPostprocessing = 0;
		};
/* End PBXFrameworksBuildPhase section */

/* Begin PBXGroup section */
		2E8C15FC1C501FC500B23A6B = {
			isa = PBXGroup;
			children = (
				2E8C16071C501FC500B23A6B /* MafiaMiniGames */,
				2E8C16211C501FC500B23A6B /* MafiaMiniGamesTests */,
				2E8C162C1C501FC500B23A6B /* MafiaMiniGamesUITests */,
				2E8C16061C501FC500B23A6B /* Products */,
			);
			sourceTree = "<group>";
		};
		2E8C16061C501FC500B23A6B /* Products */ = {
			isa = PBXGroup;
			children = (
				2E8C16051C501FC500B23A6B /* MafiaMiniGames.app */,
				2E8C161E1C501FC500B23A6B /* MafiaMiniGamesTests.xctest */,
				2E8C16291C501FC500B23A6B /* MafiaMiniGamesUITests.xctest */,
			);
			name = Products;
			sourceTree = "<group>";
		};
		2E8C16071C501FC500B23A6B /* MafiaMiniGames */ = {
			isa = PBXGroup;
			children = (
				2E8C160B1C501FC500B23A6B /* AppDelegate.h */,
				2E8C160C1C501FC500B23A6B /* AppDelegate.m */,
				2E8C160E1C501FC500B23A6B /* ViewController.h */,
				2E8C160F1C501FC500B23A6B /* ViewController.m */,
				2E8C16111C501FC500B23A6B /* Main.storyboard */,
				2E8C16141C501FC500B23A6B /* Assets.xcassets */,
				2E8C16161C501FC500B23A6B /* LaunchScreen.storyboard */,
				2E8C16191C501FC500B23A6B /* Info.plist */,
				2E8C16081C501FC500B23A6B /* Supporting Files */,
			);
			path = MafiaMiniGames;
			sourceTree = "<group>";
		};
		2E8C16081C501FC500B23A6B /* Supporting Files */ = {
			isa = PBXGroup;
			children = (
				2E8C16091C501FC500B23A6B /* main.m */,
			);
			name = "Supporting Files";
			sourceTree = "<group>";
		};
		2E8C16211C501FC500B23A6B /* MafiaMiniGamesTests */ = {
			isa = PBXGroup;
			children = (
				2E8C16221C501FC500B23A6B /* MafiaMiniGamesTests.m */,
				2E8C16241C501FC500B23A6B /* Info.plist */,
			);
			path = MafiaMiniGamesTests;
			sourceTree = "<group>";
		};
		2E8C162C1C501FC500B23A6B /* MafiaMiniGamesUITests */ = {
			isa = PBXGroup;
			children = (
				2E8C162D1C501FC500B23A6B /* MafiaMiniGamesUITests.m */,
				2E8C162F1C501FC500B23A6B /* Info.plist */,
			);
			path = MafiaMiniGamesUITests;
			sourceTree = "<group>";
		};
/* End PBXGroup section */

/* Begin PBXNativeTarget section */
		2E8C16041C501FC500B23A6B /* MafiaMiniGames */ = {
			isa = PBXNativeTarget;
			buildConfigurationList = 2E8C16321C501FC500B23A6B /* Build configuration list for PBXNativeTarget "MafiaMiniGames" */;
			buildPhases = (
				2E8C16011C501FC500B23A6B /* Sources */,
				2E8C16021C501FC500B23A6B /* Frameworks */,
				2E8C16031C501FC500B23A6B /* Resources */,
			);
			buildRules = (
			);
			dependencies = (
			);
			name = MafiaMiniGames;
			productName = MafiaMiniGames;
			productReference = 2E8C16051C501FC500B23A6B /* MafiaMiniGames.app */;
			productType = "com.apple.product-type.application";
		};
		2E8C161D1C501FC500B23A6B /* MafiaMiniGamesTests */ = {
			isa = PBXNativeTarget;
			buildConfigurationList = 2E8C16351C501FC500B23A6B /* Build configuration list for PBXNativeTarget "MafiaMiniGamesTests" */;
			buildPhases = (
				2E8C161A1C501FC500B23A6B /* Sources */,
				2E8C161B1C501FC500B23A6B /* Frameworks */,
				2E8C161C1C501FC500B23A6B /* Resources */,
			);
			buildRules = (
			);
			dependencies = (
				2E8C16201C501FC500B23A6B /* PBXTargetDependency */,
			);
			name = MafiaMiniGamesTests;
			productName = MafiaMiniGamesTests;
			productReference = 2E8C161E1C501FC500B23A6B /* MafiaMiniGamesTests.xctest */;
			productType = "com.apple.product-type.bundle.unit-test";
		};
		2E8C16281C501FC500B23A6B /* MafiaMiniGamesUITests */ = {
			isa = PBXNativeTarget;
			buildConfigurationList = 2E8C16381C501FC500B23A6B /* Build configuration list for PBXNativeTarget "MafiaMiniGamesUITests" */;
			buildPhases = (
				2E8C16251C501FC500B23A6B /* Sources */,
				2E8C16261C501FC500B23A6B /* Frameworks */,
				2E8C16271C501FC500B23A6B /* Resources */,
			);
			buildRules = (
			);
			dependencies = (
				2E8C162B1C501FC500B23A6B /* PBXTargetDependency */,
			);
			name = MafiaMiniGamesUITests;
			productName = MafiaMiniGamesUITests;
			productReference = 2E8C16291C501FC500B23A6B /* MafiaMiniGamesUITests.xctest */;
			productType = "com.apple.product-type.bundle.ui-testing";
		};
/* End PBXNativeTarget section */

/* Begin PBXProject section */
		2E8C15FD1C501FC500B23A6B /* Project object */ = {
			isa = PBXProject;
			attributes = {
				LastUpgradeCheck = 0720;
				ORGANIZATIONNAME = "Graeme Harrison";
				TargetAttributes = {
					2E8C16041C501FC500B23A6B = {
						CreatedOnToolsVersion = 7.2;
					};
					2E8C161D1C501FC500B23A6B = {
						CreatedOnToolsVersion = 7.2;
						TestTargetID = 2E8C16041C501FC500B23A6B;
					};
					2E8C16281C501FC500B23A6B = {
						CreatedOnToolsVersion = 7.2;
						TestTargetID = 2E8C16041C501FC500B23A6B;
					};
				};
			};
			buildConfigurationList = 2E8C16001C501FC500B23A6B /* Build configuration list for PBXProject "MafiaMiniGames" */;
			compatibilityVersion = "Xcode 3.2";
			developmentRegion = English;
			hasScannedForEncodings = 0;
			knownRegions = (
				en,
				Base,
			);
			mainGroup = 2E8C15FC1C501FC500B23A6B;
			productRefGroup = 2E8C16061C501FC500B23A6B /* Products */;
			projectDirPath = "";
			projectRoot = "";
			targets = (
				2E8C16041C501FC500B23A6B /* MafiaMiniGames */,
				2E8C161D1C501FC500B23A6B /* MafiaMiniGamesTests */,
				2E8C16281C501FC500B23A6B /* MafiaMiniGamesUITests */,
			);
		};
/* End PBXProject section */

/* Begin PBXResourcesBuildPhase section */
		2E8C16031C501FC500B23A6B /* Resources */ = {
			isa = PBXResourcesBuildPhase;
			buildActionMask = 2147483647;
			files = (
				2E8C16181C501FC500B23A6B /* LaunchScreen.storyboard in Resources */,
				2E8C16151C501FC500B23A6B /* Assets.xcassets in Resources */,
				2E8C16131C501FC500B23A6B /* Main.storyboard in Resources */,
			);
			runOnlyForDeploymentPostprocessing = 0;
		};
		2E8C161C1C501FC500B23A6B /* Resources */ = {
			isa = PBXResourcesBuildPhase;
			buildActionMask = 2147483647;
			files = (
			);
			runOnlyForDeploymentPostprocessing = 0;
		};
		2E8C16271C501FC500B23A6B /* Resources */ = {
			isa = PBXResourcesBuildPhase;
			buildActionMask = 2147483647;
			files = (
			);
			runOnlyForDeploymentPostprocessing = 0;
		};
/* End PBXResourcesBuildPhase section */

/* Begin PBXSourcesBuildPhase section */
		2E8C16011C501FC500B23A6B /* Sources */ = {
			isa = PBXSourcesBuildPhase;
			buildActionMask = 2147483647;
			files = (
				2E8C16101C501FC500B23A6B /* ViewController.m in Sources */,
				2E8C160D1C501FC500B23A6B /* AppDelegate.m in Sources */,
				2E8C160A1C501FC500B23A6B /* main.m in Sources */,
			);
			runOnlyForDeploymentPostprocessing = 0;
		};
		2E8C161A1C501FC500B23A6B /* Sources */ = {
			isa = PBXSourcesBuildPhase;
			buildActionMask = 2147483647;
			files = (
				2E8C16231C501FC500B23A6B /* MafiaMiniGamesTests.m in Sources */,
			);
			runOnlyForDeploymentPostprocessing = 0;
		};
		2E8C16251C501FC500B23A6B /* Sources */ = {
			isa = PBXSourcesBuildPhase;
			buildActionMask = 2147483647;
			files = (
				2E8C162E1C501FC500B23A6B /* MafiaMiniGamesUITests.m in Sources */,
			);
			runOnlyForDeploymentPostprocessing = 0;
		};
/* End PBXSourcesBuildPhase section */

/* Begin PBXTargetDependency section */
		2E8C16201C501FC500B23A6B /* PBXTargetDependency */ = {
			isa = PBXTargetDependency;
			target = 2E8C16041C501FC500B23A6B /* MafiaMiniGames */;
			targetProxy = 2E8C161F1C501FC500B23A6B /* PBXContainerItemProxy */;
		};
		2E8C162B1C501FC500B23A6B /* PBXTargetDependency */ = {
			isa = PBXTargetDependency;
			target = 2E8C16041C501FC500B23A6B /* MafiaMiniGames */;
			targetProxy = 2E8C162A1C501FC500B23A6B /* PBXContainerItemProxy */;
		};
/* End PBXTargetDependency section */

/* Begin PBXVariantGroup section */
		2E8C16111C501FC500B23A6B /* Main.storyboard */ = {
			isa = PBXVariantGroup;
			children = (
				2E8C16121C501FC500B23A6B /* Base */,
			);
			name = Main.storyboard;
			sourceTree = "<group>";
		};
		2E8C16161C501FC500B23A6B /* LaunchScreen.storyboard */ = {
			isa = PBXVariantGroup;
			children = (
				2E8C16171C501FC500B23A6B /* Base */,
			);
			name = LaunchScreen.storyboard;
			sourceTree = "<group>";
		};
/* End PBXVariantGroup section */

/* Begin XCBuildConfiguration section */
		2E8C16301C501FC500B23A6B /* Debug */ = {
			isa = XCBuildConfiguration;
			buildSettings = {
				ALWAYS_SEARCH_USER_PATHS = NO;
				CLANG_CXX_LANGUAGE_STANDARD = "gnu++0x";
				CLANG_CXX_LIBRARY = "libc++";
				CLANG_ENABLE_MODULES = YES;
				CLANG_ENABLE_OBJC_ARC = YES;
				CLANG_WARN_BOOL_CONVERSION = YES;
				CLANG_WARN_CONSTANT_CONVERSION = YES;
				CLANG_WARN_DIRECT_OBJC_ISA_USAGE = YES_ERROR;
				CLANG_WARN_EMPTY_BODY = YES;
				CLANG_WARN_ENUM_CONVERSION = YES;
				CLANG_WARN_INT_CONVERSION = YES;
				CLANG_WARN_OBJC_ROOT_CLASS = YES_ERROR;
				CLANG_WARN_UNREACHABLE_CODE = YES;
				CLANG_WARN__DUPLICATE_METHOD_MATCH = YES;
				"CODE_SIGN_IDENTITY[sdk=iphoneos*]" = "iPhone Developer";
				COPY_PHASE_STRIP = NO;
				DEBUG_INFORMATION_FORMAT = dwarf;
				ENABLE_STRICT_OBJC_MSGSEND = YES;
				ENABLE_TESTABILITY = YES;
				GCC_C_LANGUAGE_STANDARD = gnu99;
				GCC_DYNAMIC_NO_PIC = NO;
				GCC_NO_COMMON_BLOCKS = YES;
				GCC_OPTIMIZATION_LEVEL = 0;
				GCC_PREPROCESSOR_DEFINITIONS = (
					"DEBUG=1",
					"$(inherited)",
				);
				GCC_WARN_64_TO_32_BIT_CONVERSION = YES;
				GCC_WARN_ABOUT_RETURN_TYPE = YES_ERROR;
				GCC_WARN_UNDECLARED_SELECTOR = YES;
				GCC_WARN_UNINITIALIZED_AUTOS = YES_AGGRESSIVE;
				GCC_WARN_UNUSED_FUNCTION = YES;
				GCC_WARN_UNUSED_VARIABLE = YES;
				IPHONEOS_DEPLOYMENT_TARGET = 9.2;
				MTL_ENABLE_DEBUG_INFO = YES;
				ONLY_ACTIVE_ARCH = YES;
				SDKROOT = iphoneos;
			};
			name = Debug;
		};
		2E8C16311C501FC500B23A6B /* Release */ = {
			isa = XCBuildConfiguration;
			buildSettings = {
				ALWAYS_SEARCH_USER_PATHS = NO;
				CLANG_CXX_LANGUAGE_STANDARD = "gnu++0x";
				CLANG_CXX_LIBRARY = "libc++";
				CLANG_ENABLE_MODULES = YES;
				CLANG_ENABLE_OBJC_ARC = YES;
				CLANG_WARN_BOOL_CONVERSION = YES;
				CLANG_WARN_CONSTANT_CONVERSION = YES;
				CLANG_WARN_DIRECT_OBJC_ISA_USAGE = YES_ERROR;
				CLANG_WARN_EMPTY_BODY = YES;
				CLANG_WARN_ENUM_CONVERSION = YES;
				CLANG_WARN_INT_CONVERSION = YES;
				CLANG_WARN_OBJC_ROOT_CLASS = YES_ERROR;
				CLANG_WARN_UNREACHABLE_CODE = YES;
				CLANG_WARN__DUPLICATE_METHOD_MATCH = YES;
				"CODE_SIGN_IDENTITY[sdk=iphoneos*]" = "iPhone Developer";
				COPY_PHASE_STRIP = NO;
				DEBUG_INFORMATION_FORMAT = "dwarf-with-dsym";
				ENABLE_NS_ASSERTIONS = NO;
				ENABLE_STRICT_OBJC_MSGSEND = YES;
				GCC_C_LANGUAGE_STANDARD = gnu99;
				GCC_NO_COMMON_BLOCKS = YES;
				GCC_WARN_64_TO_32_BIT_CONVERSION = YES;
				GCC_WARN_ABOUT_RETURN_TYPE = YES_ERROR;
				GCC_WARN_UNDECLARED_SELECTOR = YES;
				GCC_WARN_UNINITIALIZED_AUTOS = YES_AGGRESSIVE;
				GCC_WARN_UNUSED_FUNCTION = YES;
				GCC_WARN_UNUSED_VARIABLE = YES;
				IPHONEOS_DEPLOYMENT_TARGET = 9.2;
				MTL_ENABLE_DEBUG_INFO = NO;
				SDKROOT = iphoneos;
				VALIDATE_PRODUCT = YES;
			};
			name = Release;
		};
		2E8C16331C501FC500B23A6B /* Debug */ = {
			isa = XCBuildConfiguration;
			buildSettings = {
				ASSETCATALOG_COMPILER_APPICON_NAME = AppIcon;
				INFOPLIST_FILE = MafiaMiniGames/Info.plist;
				LD_RUNPATH_SEARCH_PATHS = "$(inherited) @executable_path/Frameworks";
				PRODUCT_BUNDLE_IDENTIFIER = com.graemeharrison.MafiaMiniGames;
				PRODUCT_NAME = "$(TARGET_NAME)";
			};
			name = Debug;
		};
		2E8C16341C501FC500B23A6B /* Release */ = {
			isa = XCBuildConfiguration;
			buildSettings = {
				ASSETCATALOG_COMPILER_APPICON_NAME = AppIcon;
				INFOPLIST_FILE = MafiaMiniGames/Info.plist;
				LD_RUNPATH_SEARCH_PATHS = "$(inherited) @executable_path/Frameworks";
				PRODUCT_BUNDLE_IDENTIFIER = com.graemeharrison.MafiaMiniGames;
				PRODUCT_NAME = "$(TARGET_NAME)";
			};
			name = Release;
		};
		2E8C16361C501FC500B23A6B /* Debug */ = {
			isa = XCBuildConfiguration;
			buildSettings = {
				BUNDLE_LOADER = "$(TEST_HOST)";
				INFOPLIST_FILE = MafiaMiniGamesTests/Info.plist;
				LD_RUNPATH_SEARCH_PATHS = "$(inherited) @executable_path/Frameworks @loader_path/Frameworks";
				PRODUCT_BUNDLE_IDENTIFIER = com.graemeharrison.MafiaMiniGamesTests;
				PRODUCT_NAME = "$(TARGET_NAME)";
				TEST_HOST = "$(BUILT_PRODUCTS_DIR)/MafiaMiniGames.app/MafiaMiniGames";
			};
			name = Debug;
		};
		2E8C16371C501FC500B23A6B /* Release */ = {
			isa = XCBuildConfiguration;
			buildSettings = {
				BUNDLE_LOADER = "$(TEST_HOST)";
				INFOPLIST_FILE = MafiaMiniGamesTests/Info.plist;
				LD_RUNPATH_SEARCH_PATHS = "$(inherited) @executable_path/Frameworks @loader_path/Frameworks";
				PRODUCT_BUNDLE_IDENTIFIER = com.graemeharrison.MafiaMiniGamesTests;
				PRODUCT_NAME = "$(TARGET_NAME)";
				TEST_HOST = "$(BUILT_PRODUCTS_DIR)/MafiaMiniGames.app/MafiaMiniGames";
			};
			name = Release;
		};
		2E8C16391C501FC500B23A6B /* Debug */ = {
			isa = XCBuildConfiguration;
			buildSettings = {
				INFOPLIST_FILE = MafiaMiniGamesUITests/Info.plist;
				LD_RUNPATH_SEARCH_PATHS = "$(inherited) @executable_path/Frameworks @loader_path/Frameworks";
				PRODUCT_BUNDLE_IDENTIFIER = com.graemeharrison.MafiaMiniGamesUITests;
				PRODUCT_NAME = "$(TARGET_NAME)";
				TEST_TARGET_NAME = MafiaMiniGames;
				USES_XCTRUNNER = YES;
			};
			name = Debug;
		};
		2E8C163A1C501FC500B23A6B /* Release */ = {
			isa = XCBuildConfiguration;
			buildSettings = {
				INFOPLIST_FILE = MafiaMiniGamesUITests/Info.plist;
				LD_RUNPATH_SEARCH_PATHS = "$(inherited) @executable_path/Frameworks @loader_path/Frameworks";
				PRODUCT_BUNDLE_IDENTIFIER = com.graemeharrison.MafiaMiniGamesUITests;
				PRODUCT_NAME = "$(TARGET_NAME)";
				TEST_TARGET_NAME = MafiaMiniGames;
				USES_XCTRUNNER = YES;
			};
			name = Release;
		};
/* End XCBuildConfiguration section */

/* Begin XCConfigurationList section */
		2E8C16001C501FC500B23A6B /* Build configuration list for PBXProject "MafiaMiniGames" */ = {
			isa = XCConfigurationList;
			buildConfigurations = (
				2E8C16301C501FC500B23A6B /* Debug */,
				2E8C16311C501FC500B23A6B /* Release */,
			);
			defaultConfigurationIsVisible = 0;
			defaultConfigurationName = Release;
		};
		2E8C16321C501FC500B23A6B /* Build configuration list for PBXNativeTarget "MafiaMiniGames" */ = {
			isa = XCConfigurationList;
			buildConfigurations = (
				2E8C16331C501FC500B23A6B /* Debug */,
				2E8C16341C501FC500B23A6B /* Release */,
			);
			defaultConfigurationIsVisible = 0;
		};
		2E8C16351C501FC500B23A6B /* Build configuration list for PBXNativeTarget "MafiaMiniGamesTests" */ = {
			isa = XCConfigurationList;
			buildConfigurations = (
				2E8C16361C501FC500B23A6B /* Debug */,
				2E8C16371C501FC500B23A6B /* Release */,
			);
			defaultConfigurationIsVisible = 0;
		};
		2E8C16381C501FC500B23A6B /* Build configuration list for PBXNativeTarget "MafiaMiniGamesUITests" */ = {
			isa = XCConfigurationList;
			buildConfigurations = (
				2E8C16391C501FC500B23A6B /* Debug */,
				2E8C163A1C501FC500B23A6B /* Release */,
			);
			defaultConfigurationIsVisible = 0;
		};
/* End XCConfigurationList section */
	};
	rootObject = 2E8C15FD1C501FC500B23A6B /* Project object */;
}
